// !$*UTF8*$!
{
	archiveVersion = 1;
	classes = {
	};
	objectVersion = 50;
	objects = {

/* Begin PBXBuildFile section */
		968B4D1721D8D0A800390178 /* AppDelegate.swift in Sources */ = {isa = PBXBuildFile; fileRef = 968B4D1621D8D0A800390178 /* AppDelegate.swift */; };
		968B4D1E21D8D0A800390178 /* Main.storyboard in Resources */ = {isa = PBXBuildFile; fileRef = 968B4D1C21D8D0A800390178 /* Main.storyboard */; };
		968B4D2021D8D0AC00390178 /* Assets.xcassets in Resources */ = {isa = PBXBuildFile; fileRef = 968B4D1F21D8D0AC00390178 /* Assets.xcassets */; };
		968B4D2321D8D0AC00390178 /* LaunchScreen.storyboard in Resources */ = {isa = PBXBuildFile; fileRef = 968B4D2121D8D0AC00390178 /* LaunchScreen.storyboard */; };
		968B4D2F21D8D65200390178 /* Calanques.swift in Sources */ = {isa = PBXBuildFile; fileRef = 968B4D2E21D8D65200390178 /* Calanques.swift */; };
		968B4D3121D8D96700390178 /* CalanquesCollection.swift in Sources */ = {isa = PBXBuildFile; fileRef = 968B4D3021D8D96700390178 /* CalanquesCollection.swift */; };
		968B4D3321D8DB5F00390178 /* ControllerAvecTableView.swift in Sources */ = {isa = PBXBuildFile; fileRef = 968B4D3221D8DB5F00390178 /* ControllerAvecTableView.swift */; };
		968B4D3521D8DB7800390178 /* ControllerAvecCarte.swift in Sources */ = {isa = PBXBuildFile; fileRef = 968B4D3421D8DB7800390178 /* ControllerAvecCarte.swift */; };
		968B4D3721D8DBD000390178 /* TableViewIntegreController.swift in Sources */ = {isa = PBXBuildFile; fileRef = 968B4D3621D8DBD000390178 /* TableViewIntegreController.swift */; };
		968B4D3921D908D300390178 /* CalanqueCell.swift in Sources */ = {isa = PBXBuildFile; fileRef = 968B4D3821D908D300390178 /* CalanqueCell.swift */; };
		968B4D3B21D9132C00390178 /* ImageRonde.swift in Sources */ = {isa = PBXBuildFile; fileRef = 968B4D3A21D9132C00390178 /* ImageRonde.swift */; };
/* End PBXBuildFile section */

/* Begin PBXFileReference section */
		968B4D1321D8D0A800390178 /* Les Calanques.app */ = {isa = PBXFileReference; explicitFileType = wrapper.application; includeInIndex = 0; path = "Les Calanques.app"; sourceTree = BUILT_PRODUCTS_DIR; };
		968B4D1621D8D0A800390178 /* AppDelegate.swift */ = {isa = PBXFileReference; lastKnownFileType = sourcecode.swift; path = AppDelegate.swift; sourceTree = "<group>"; };
		968B4D1D21D8D0A800390178 /* Base */ = {isa = PBXFileReference; lastKnownFileType = file.storyboard; name = Base; path = Base.lproj/Main.storyboard; sourceTree = "<group>"; };
		968B4D1F21D8D0AC00390178 /* Assets.xcassets */ = {isa = PBXFileReference; lastKnownFileType = folder.assetcatalog; path = Assets.xcassets; sourceTree = "<group>"; };
		968B4D2221D8D0AC00390178 /* Base */ = {isa = PBXFileReference; lastKnownFileType = file.storyboard; name = Base; path = Base.lproj/LaunchScreen.storyboard; sourceTree = "<group>"; };
		968B4D2421D8D0AC00390178 /* Info.plist */ = {isa = PBXFileReference; lastKnownFileType = text.plist.xml; path = Info.plist; sourceTree = "<group>"; };
		968B4D2E21D8D65200390178 /* Calanques.swift */ = {isa = PBXFileReference; lastKnownFileType = sourcecode.swift; path = Calanques.swift; sourceTree = "<group>"; };
		968B4D3021D8D96700390178 /* CalanquesCollection.swift */ = {isa = PBXFileReference; lastKnownFileType = sourcecode.swift; path = CalanquesCollection.swift; sourceTree = "<group>"; };
		968B4D3221D8DB5F00390178 /* ControllerAvecTableView.swift */ = {isa = PBXFileReference; lastKnownFileType = sourcecode.swift; path = ControllerAvecTableView.swift; sourceTree = "<group>"; };
		968B4D3421D8DB7800390178 /* ControllerAvecCarte.swift */ = {isa = PBXFileReference; lastKnownFileType = sourcecode.swift; path = ControllerAvecCarte.swift; sourceTree = "<group>"; };
		968B4D3621D8DBD000390178 /* TableViewIntegreController.swift */ = {isa = PBXFileReference; lastKnownFileType = sourcecode.swift; path = TableViewIntegreController.swift; sourceTree = "<group>"; };
		968B4D3821D908D300390178 /* CalanqueCell.swift */ = {isa = PBXFileReference; lastKnownFileType = sourcecode.swift; path = CalanqueCell.swift; sourceTree = "<group>"; };
		968B4D3A21D9132C00390178 /* ImageRonde.swift */ = {isa = PBXFileReference; lastKnownFileType = sourcecode.swift; path = ImageRonde.swift; sourceTree = "<group>"; };
/* End PBXFileReference section */

/* Begin PBXFrameworksBuildPhase section */
		968B4D1021D8D0A800390178 /* Frameworks */ = {
			isa = PBXFrameworksBuildPhase;
			buildActionMask = 2147483647;
			files = (
			);
			runOnlyForDeploymentPostprocessing = 0;
		};
/* End PBXFrameworksBuildPhase section */

/* Begin PBXGroup section */
		968B4D0A21D8D0A800390178 = {
			isa = PBXGroup;
			children = (
				968B4D1521D8D0A800390178 /* Les Calanques */,
				968B4D1421D8D0A800390178 /* Products */,
			);
			sourceTree = "<group>";
		};
		968B4D1421D8D0A800390178 /* Products */ = {
			isa = PBXGroup;
			children = (
				968B4D1321D8D0A800390178 /* Les Calanques.app */,
			);
			name = Products;
			sourceTree = "<group>";
		};
		968B4D1521D8D0A800390178 /* Les Calanques */ = {
			isa = PBXGroup;
			children = (
				968B4D2D21D8D51500390178 /* Modele */,
				968B4D2B21D8D50E00390178 /* Vue */,
				968B4D2A21D8D50600390178 /* Controller */,
				968B4D1621D8D0A800390178 /* AppDelegate.swift */,
				968B4D1C21D8D0A800390178 /* Main.storyboard */,
				968B4D1F21D8D0AC00390178 /* Assets.xcassets */,
				968B4D2121D8D0AC00390178 /* LaunchScreen.storyboard */,
				968B4D2421D8D0AC00390178 /* Info.plist */,
			);
			path = "Les Calanques";
			sourceTree = "<group>";
		};
		968B4D2A21D8D50600390178 /* Controller */ = {
			isa = PBXGroup;
			children = (
				968B4D3221D8DB5F00390178 /* ControllerAvecTableView.swift */,
				968B4D3421D8DB7800390178 /* ControllerAvecCarte.swift */,
				968B4D3621D8DBD000390178 /* TableViewIntegreController.swift */,
			);
			path = Controller;
			sourceTree = "<group>";
		};
		968B4D2B21D8D50E00390178 /* Vue */ = {
			isa = PBXGroup;
			children = (
				968B4D3821D908D300390178 /* CalanqueCell.swift */,
				968B4D3A21D9132C00390178 /* ImageRonde.swift */,
			);
			path = Vue;
			sourceTree = "<group>";
		};
		968B4D2D21D8D51500390178 /* Modele */ = {
			isa = PBXGroup;
			children = (
				968B4D2E21D8D65200390178 /* Calanques.swift */,
				968B4D3021D8D96700390178 /* CalanquesCollection.swift */,
			);
			path = Modele;
			sourceTree = "<group>";
		};
/* End PBXGroup section */

/* Begin PBXNativeTarget section */
		968B4D1221D8D0A800390178 /* Les Calanques */ = {
			isa = PBXNativeTarget;
			buildConfigurationList = 968B4D2721D8D0AC00390178 /* Build configuration list for PBXNativeTarget "Les Calanques" */;
			buildPhases = (
				968B4D0F21D8D0A800390178 /* Sources */,
				968B4D1021D8D0A800390178 /* Frameworks */,
				968B4D1121D8D0A800390178 /* Resources */,
			);
			buildRules = (
			);
			dependencies = (
			);
			name = "Les Calanques";
			productName = "Les Calanques";
			productReference = 968B4D1321D8D0A800390178 /* Les Calanques.app */;
			productType = "com.apple.product-type.application";
		};
/* End PBXNativeTarget section */

/* Begin PBXProject section */
		968B4D0B21D8D0A800390178 /* Project object */ = {
			isa = PBXProject;
			attributes = {
				LastSwiftUpdateCheck = 1010;
				LastUpgradeCheck = 1010;
				ORGANIZATIONNAME = seb;
				TargetAttributes = {
					968B4D1221D8D0A800390178 = {
						CreatedOnToolsVersion = 10.1;
					};
				};
			};
			buildConfigurationList = 968B4D0E21D8D0A800390178 /* Build configuration list for PBXProject "Les Calanques" */;
			compatibilityVersion = "Xcode 9.3";
			developmentRegion = en;
			hasScannedForEncodings = 0;
			knownRegions = (
				en,
				Base,
			);
			mainGroup = 968B4D0A21D8D0A800390178;
			productRefGroup = 968B4D1421D8D0A800390178 /* Products */;
			projectDirPath = "";
			projectRoot = "";
			targets = (
				968B4D1221D8D0A800390178 /* Les Calanques */,
			);
		};
/* End PBXProject section */

/* Begin PBXResourcesBuildPhase section */
		968B4D1121D8D0A800390178 /* Resources */ = {
			isa = PBXResourcesBuildPhase;
			buildActionMask = 2147483647;
			files = (
				968B4D2321D8D0AC00390178 /* LaunchScreen.storyboard in Resources */,
				968B4D2021D8D0AC00390178 /* Assets.xcassets in Resources */,
				968B4D1E21D8D0A800390178 /* Main.storyboard in Resources */,
			);
			runOnlyForDeploymentPostprocessing = 0;
		};
/* End PBXResourcesBuildPhase section */

/* Begin PBXSourcesBuildPhase section */
		968B4D0F21D8D0A800390178 /* Sources */ = {
			isa = PBXSourcesBuildPhase;
			buildActionMask = 2147483647;
			files = (
				968B4D3721D8DBD000390178 /* TableViewIntegreController.swift in Sources */,
				968B4D3121D8D96700390178 /* CalanquesCollection.swift in Sources */,
				968B4D3921D908D300390178 /* CalanqueCell.swift in Sources */,
				968B4D1721D8D0A800390178 /* AppDelegate.swift in Sources */,
				968B4D3521D8DB7800390178 /* ControllerAvecCarte.swift in Sources */,
				968B4D3321D8DB5F00390178 /* ControllerAvecTableView.swift in Sources */,
				968B4D3B21D9132C00390178 /* ImageRonde.swift in Sources */,
				968B4D2F21D8D65200390178 /* Calanques.swift in Sources */,
			);
			runOnlyForDeploymentPostprocessing = 0;
		};
/* End PBXSourcesBuildPhase section */

/* Begin PBXVariantGroup section */
		968B4D1C21D8D0A800390178 /* Main.storyboard */ = {
			isa = PBXVariantGroup;
			children = (
				968B4D1D21D8D0A800390178 /* Base */,
			);
			name = Main.storyboard;
			sourceTree = "<group>";
		};
		968B4D2121D8D0AC00390178 /* LaunchScreen.storyboard */ = {
			isa = PBXVariantGroup;
			children = (
				968B4D2221D8D0AC00390178 /* Base */,
			);
			name = LaunchScreen.storyboard;
			sourceTree = "<group>";
		};
/* End PBXVariantGroup section */

/* Begin XCBuildConfiguration section */
		968B4D2521D8D0AC00390178 /* Debug */ = {
			isa = XCBuildConfiguration;
			buildSettings = {
				ALWAYS_SEARCH_USER_PATHS = NO;
				CLANG_ANALYZER_NONNULL = YES;
				CLANG_ANALYZER_NUMBER_OBJECT_CONVERSION = YES_AGGRESSIVE;
				CLANG_CXX_LANGUAGE_STANDARD = "gnu++14";
				CLANG_CXX_LIBRARY = "libc++";
				CLANG_ENABLE_MODULES = YES;
				CLANG_ENABLE_OBJC_ARC = YES;
				CLANG_ENABLE_OBJC_WEAK = YES;
				CLANG_WARN_BLOCK_CAPTURE_AUTORELEASING = YES;
				CLANG_WARN_BOOL_CONVERSION = YES;
				CLANG_WARN_COMMA = YES;
				CLANG_WARN_CONSTANT_CONVERSION = YES;
				CLANG_WARN_DEPRECATED_OBJC_IMPLEMENTATIONS = YES;
				CLANG_WARN_DIRECT_OBJC_ISA_USAGE = YES_ERROR;
				CLANG_WARN_DOCUMENTATION_COMMENTS = YES;
				CLANG_WARN_EMPTY_BODY = YES;
				CLANG_WARN_ENUM_CONVERSION = YES;
				CLANG_WARN_INFINITE_RECURSION = YES;
				CLANG_WARN_INT_CONVERSION = YES;
				CLANG_WARN_NON_LITERAL_NULL_CONVERSION = YES;
				CLANG_WARN_OBJC_IMPLICIT_RETAIN_SELF = YES;
				CLANG_WARN_OBJC_LITERAL_CONVERSION = YES;
				CLANG_WARN_OBJC_ROOT_CLASS = YES_ERROR;
				CLANG_WARN_RANGE_LOOP_ANALYSIS = YES;
				CLANG_WARN_STRICT_PROTOTYPES = YES;
				CLANG_WARN_SUSPICIOUS_MOVE = YES;
				CLANG_WARN_UNGUARDED_AVAILABILITY = YES_AGGRESSIVE;
				CLANG_WARN_UNREACHABLE_CODE = YES;
				CLANG_WARN__DUPLICATE_METHOD_MATCH = YES;
				CODE_SIGN_IDENTITY = "iPhone Developer";
				COPY_PHASE_STRIP = NO;
				DEBUG_INFORMATION_FORMAT = dwarf;
				ENABLE_STRICT_OBJC_MSGSEND = YES;
				ENABLE_TESTABILITY = YES;
				GCC_C_LANGUAGE_STANDARD = gnu11;
				GCC_DYNAMIC_NO_PIC = NO;
				GCC_NO_COMMON_BLOCKS = YES;
				GCC_OPTIMIZATION_LEVEL = 0;
				GCC_PREPROCESSOR_DEFINITIONS = (
					"DEBUG=1",
					"$(inherited)",
				);
				GCC_WARN_64_TO_32_BIT_CONVERSION = YES;
				GCC_WARN_ABOUT_RETURN_TYPE = YES_ERROR;
				GCC_WARN_UNDECLARED_SELECTOR = YES;
				GCC_WARN_UNINITIALIZED_AUTOS = YES_AGGRESSIVE;
				GCC_WARN_UNUSED_FUNCTION = YES;
				GCC_WARN_UNUSED_VARIABLE = YES;
				IPHONEOS_DEPLOYMENT_TARGET = 12.1;
				MTL_ENABLE_DEBUG_INFO = INCLUDE_SOURCE;
				MTL_FAST_MATH = YES;
				ONLY_ACTIVE_ARCH = YES;
				SDKROOT = iphoneos;
				SWIFT_ACTIVE_COMPILATION_CONDITIONS = DEBUG;
				SWIFT_OPTIMIZATION_LEVEL = "-Onone";
			};
			name = Debug;
		};
		968B4D2621D8D0AC00390178 /* Release */ = {
			isa = XCBuildConfiguration;
			buildSettings = {
				ALWAYS_SEARCH_USER_PATHS = NO;
				CLANG_ANALYZER_NONNULL = YES;
				CLANG_ANALYZER_NUMBER_OBJECT_CONVERSION = YES_AGGRESSIVE;
				CLANG_CXX_LANGUAGE_STANDARD = "gnu++14";
				CLANG_CXX_LIBRARY = "libc++";
				CLANG_ENABLE_MODULES = YES;
				CLANG_ENABLE_OBJC_ARC = YES;
				CLANG_ENABLE_OBJC_WEAK = YES;
				CLANG_WARN_BLOCK_CAPTURE_AUTORELEASING = YES;
				CLANG_WARN_BOOL_CONVERSION = YES;
				CLANG_WARN_COMMA = YES;
				CLANG_WARN_CONSTANT_CONVERSION = YES;
				CLANG_WARN_DEPRECATED_OBJC_IMPLEMENTATIONS = YES;
				CLANG_WARN_DIRECT_OBJC_ISA_USAGE = YES_ERROR;
				CLANG_WARN_DOCUMENTATION_COMMENTS = YES;
				CLANG_WARN_EMPTY_BODY = YES;
				CLANG_WARN_ENUM_CONVERSION = YES;
				CLANG_WARN_INFINITE_RECURSION = YES;
				CLANG_WARN_INT_CONVERSION = YES;
				CLANG_WARN_NON_LITERAL_NULL_CONVERSION = YES;
				CLANG_WARN_OBJC_IMPLICIT_RETAIN_SELF = YES;
				CLANG_WARN_OBJC_LITERAL_CONVERSION = YES;
				CLANG_WARN_OBJC_ROOT_CLASS = YES_ERROR;
				CLANG_WARN_RANGE_LOOP_ANALYSIS = YES;
				CLANG_WARN_STRICT_PROTOTYPES = YES;
				CLANG_WARN_SUSPICIOUS_MOVE = YES;
				CLANG_WARN_UNGUARDED_AVAILABILITY = YES_AGGRESSIVE;
				CLANG_WARN_UNREACHABLE_CODE = YES;
				CLANG_WARN__DUPLICATE_METHOD_MATCH = YES;
				CODE_SIGN_IDENTITY = "iPhone Developer";
				COPY_PHASE_STRIP = NO;
				DEBUG_INFORMATION_FORMAT = "dwarf-with-dsym";
				ENABLE_NS_ASSERTIONS = NO;
				ENABLE_STRICT_OBJC_MSGSEND = YES;
				GCC_C_LANGUAGE_STANDARD = gnu11;
				GCC_NO_COMMON_BLOCKS = YES;
				GCC_WARN_64_TO_32_BIT_CONVERSION = YES;
				GCC_WARN_ABOUT_RETURN_TYPE = YES_ERROR;
				GCC_WARN_UNDECLARED_SELECTOR = YES;
				GCC_WARN_UNINITIALIZED_AUTOS = YES_AGGRESSIVE;
				GCC_WARN_UNUSED_FUNCTION = YES;
				GCC_WARN_UNUSED_VARIABLE = YES;
				IPHONEOS_DEPLOYMENT_TARGET = 12.1;
				MTL_ENABLE_DEBUG_INFO = NO;
				MTL_FAST_MATH = YES;
				SDKROOT = iphoneos;
				SWIFT_COMPILATION_MODE = wholemodule;
				SWIFT_OPTIMIZATION_LEVEL = "-O";
				VALIDATE_PRODUCT = YES;
			};
			name = Release;
		};
		968B4D2821D8D0AC00390178 /* Debug */ = {
			isa = XCBuildConfiguration;
			buildSettings = {
				ASSETCATALOG_COMPILER_APPICON_NAME = AppIcon;
				CODE_SIGN_STYLE = Automatic;
				DEVELOPMENT_TEAM = FKFH3FMJ8D;
				INFOPLIST_FILE = "Les Calanques/Info.plist";
				LD_RUNPATH_SEARCH_PATHS = (
					"$(inherited)",
					"@executable_path/Frameworks",
				);
				PRODUCT_BUNDLE_IDENTIFIER = "fr.rougesterres.Les-Calanques";
				PRODUCT_NAME = "$(TARGET_NAME)";
				SWIFT_VERSION = 4.2;
				TARGETED_DEVICE_FAMILY = "1,2";
			};
			name = Debug;
		};
		968B4D2921D8D0AC00390178 /* Release */ = {
			isa = XCBuildConfiguration;
			buildSettings = {
				ASSETCATALOG_COMPILER_APPICON_NAME = AppIcon;
				CODE_SIGN_STYLE = Automatic;
				DEVELOPMENT_TEAM = FKFH3FMJ8D;
				INFOPLIST_FILE = "Les Calanques/Info.plist";
				LD_RUNPATH_SEARCH_PATHS = (
					"$(inherited)",
					"@executable_path/Frameworks",
				);
				PRODUCT_BUNDLE_IDENTIFIER = "fr.rougesterres.Les-Calanques";
				PRODUCT_NAME = "$(TARGET_NAME)";
				SWIFT_VERSION = 4.2;
				TARGETED_DEVICE_FAMILY = "1,2";
			};
			name = Release;
		};
/* End XCBuildConfiguration section */

/* Begin XCConfigurationList section */
		968B4D0E21D8D0A800390178 /* Build configuration list for PBXProject "Les Calanques" */ = {
			isa = XCConfigurationList;
			buildConfigurations = (
				968B4D2521D8D0AC00390178 /* Debug */,
				968B4D2621D8D0AC00390178 /* Release */,
			);
			defaultConfigurationIsVisible = 0;
			defaultConfigurationName = Release;
		};
		968B4D2721D8D0AC00390178 /* Build configuration list for PBXNativeTarget "Les Calanques" */ = {
			isa = XCConfigurationList;
			buildConfigurations = (
				968B4D2821D8D0AC00390178 /* Debug */,
				968B4D2921D8D0AC00390178 /* Release */,
			);
			defaultConfigurationIsVisible = 0;
			defaultConfigurationName = Release;
		};
/* End XCConfigurationList section */
	};
	rootObject = 968B4D0B21D8D0A800390178 /* Project object */;
}
